
Microsoft Visual Studio Solution File, Format Version 12.00
# Visual Studio Version 17
VisualStudioVersion = 17.6.33815.320
MinimumVisualStudioVersion = 10.0.40219.1
Project("{8BC9CEB8-8B4A-11D0-8D11-00A0C91BC942}") = "BOJ_1789", "BOJ_1789.vcxproj", "{7CC1BF3B-BC56-4BD9-B44A-1182156BB147}"
EndProject
Global
	GlobalSection(SolutionConfigurationPlatforms) = preSolution
		Debug|x64 = Debug|x64
		Release|x64 = Release|x64
	EndGlobalSection
	GlobalSection(ProjectConfigurationPlatforms) = postSolution
		{7CC1BF3B-BC56-4BD9-B44A-1182156BB147}.Debug|x64.ActiveCfg = Debug|x64
		{7CC1BF3B-BC56-4BD9-B44A-1182156BB147}.Debug|x64.Build.0 = Debug|x64
		{7CC1BF3B-BC56-4BD9-B44A-1182156BB147}.Release|x64.ActiveCfg = Release|x64
		{7CC1BF3B-BC56-4BD9-B44A-1182156BB147}.Release|x64.Build.0 = Release|x64
	EndGlobalSection
	GlobalSection(SolutionProperties) = preSolution
		HideSolutionNode = FALSE
	EndGlobalSection
	GlobalSection(ExtensibilityGlobals) = postSolution
		SolutionGuid = {CFB2239F-3FA7-4593-B442-82A66FC268E2}
	EndGlobalSection
EndGlobal
